
Microsoft Visual Studio Solution File, Format Version 12.00
# Visual Studio Version 17
VisualStudioVersion = 17.2.32630.192
MinimumVisualStudioVersion = 10.0.40219.1
Project("{9A19103F-16F7-4668-BE54-9A1E7A4F7556}") = "EntityService", "EntityService.csproj", "{5016B91E-F063-4DBB-BC27-C829B5C93059}"
EndProject
Global
	GlobalSection(SolutionConfigurationPlatforms) = preSolution
		Debug|Any CPU = Debug|Any CPU
		Release|Any CPU = Release|Any CPU
	EndGlobalSection
	GlobalSection(ProjectConfigurationPlatforms) = postSolution
		{5016B91E-F063-4DBB-BC27-C829B5C93059}.Debug|Any CPU.ActiveCfg = Debug|Any CPU
		{5016B91E-F063-4DBB-BC27-C829B5C93059}.Debug|Any CPU.Build.0 = Debug|Any CPU
		{5016B91E-F063-4DBB-BC27-C829B5C93059}.Release|Any CPU.ActiveCfg = Release|Any CPU
		{5016B91E-F063-4DBB-BC27-C829B5C93059}.Release|Any CPU.Build.0 = Release|Any CPU
	EndGlobalSection
	GlobalSection(SolutionProperties) = preSolution
		HideSolutionNode = FALSE
	EndGlobalSection
	GlobalSection(ExtensibilityGlobals) = postSolution
		SolutionGuid = {E3C6C949-BB22-41AF-97AD-33980B715F89}
	EndGlobalSection
EndGlobal
